
Microsoft Visual Studio Solution File, Format Version 12.00
# Visual Studio Version 17
VisualStudioVersion = 17.7.34031.279
MinimumVisualStudioVersion = 10.0.40219.1
Project("{FAE04EC0-301F-11D3-BF4B-00C04F79EFBC}") = "사원_검색_결과", "사원_검색_결과.csproj", "{B538DA81-C1A8-4D2B-8539-909060432FE5}"
EndProject
Global
	GlobalSection(SolutionConfigurationPlatforms) = preSolution
		Debug|Any CPU = Debug|Any CPU
		Release|Any CPU = Release|Any CPU
	EndGlobalSection
	GlobalSection(ProjectConfigurationPlatforms) = postSolution
		{B538DA81-C1A8-4D2B-8539-909060432FE5}.Debug|Any CPU.ActiveCfg = Debug|Any CPU
		{B538DA81-C1A8-4D2B-8539-909060432FE5}.Debug|Any CPU.Build.0 = Debug|Any CPU
		{B538DA81-C1A8-4D2B-8539-909060432FE5}.Release|Any CPU.ActiveCfg = Release|Any CPU
		{B538DA81-C1A8-4D2B-8539-909060432FE5}.Release|Any CPU.Build.0 = Release|Any CPU
	EndGlobalSection
	GlobalSection(SolutionProperties) = preSolution
		HideSolutionNode = FALSE
	EndGlobalSection
	GlobalSection(ExtensibilityGlobals) = postSolution
		SolutionGuid = {01FFB472-FC13-4B96-9B03-7BFFF8B73A9E}
	EndGlobalSection
EndGlobal
